PODS:
  - Masonry (1.1.0)
  - MJExtension (3.2.2)
  - MJRefresh (3.5.0)
  - SDWebImage (5.9.0):
    - SDWebImage/Core (= 5.9.0)
  - SDWebImage/Core (5.9.0)
  - YYKit (1.0.9):
    - YYKit/no-arc (= 1.0.9)
  - YYKit/no-arc (1.0.9)

DEPENDENCIES:
  - Masonry
  - MJExtension
  - MJRefresh
  - SDWebImage (from `https://github.com/rs/SDWebImage.git`)
  - YYKit

SPEC REPOS:
  trunk:
    - Masonry
    - MJExtension
    - MJRefresh
    - YYKit

EXTERNAL SOURCES:
  SDWebImage:
    :git: https://github.com/rs/SDWebImage.git

CHECKOUT OPTIONS:
  SDWebImage:
    :commit: ae3d0a7703eb883a876864f17a4591158199e9f2
    :git: https://github.com/rs/SDWebImage.git

SPEC CHECKSUMS:
  Masonry: 678fab65091a9290e40e2832a55e7ab731aad201
  MJExtension: d9b9c74cbdeb724c1e9ecbb157b318276e62e876
  MJRefresh: 6afc955813966afb08305477dd7a0d9ad5e79a16
  SDWebImage: 62ae4a18473520c67b79e9724c31a63599cc9423
  YYKit: 7cda43304a8dc3696c449041e2cb3107b4e236e7

PODFILE CHECKSUM: 17f87355336e1efcc4a08ed44933e138792ab7b7

COCOAPODS: 1.9.1
